// !$*UTF8*$!
{
	archiveVersion = 1;
	classes = {
	};
	objectVersion = 46;
	objects = {

/* Begin PBXBuildFile section */
		3A0D2E2C1C6D42D700093814 /* EditProfileViewController.swift in Sources */ = {isa = PBXBuildFile; fileRef = 3A0D2E2B1C6D42D700093814 /* EditProfileViewController.swift */; };
		3A184CF21C66271300397A41 /* CustomCell.swift in Sources */ = {isa = PBXBuildFile; fileRef = 3A184CF11C66271300397A41 /* CustomCell.swift */; };
		3A184CF41C68CDB500397A41 /* TabBarProfileViewController.swift in Sources */ = {isa = PBXBuildFile; fileRef = 3A184CF31C68CDB500397A41 /* TabBarProfileViewController.swift */; };
		3A184CF61C6A678600397A41 /* TimeModel.swift in Sources */ = {isa = PBXBuildFile; fileRef = 3A184CF51C6A678600397A41 /* TimeModel.swift */; };
		3ABD47F21C6F7AD5001735B8 /* TabBarPhotoViewController.swift in Sources */ = {isa = PBXBuildFile; fileRef = 3ABD47F11C6F7AD5001735B8 /* TabBarPhotoViewController.swift */; };
		3ABD47F41C6FBAF6001735B8 /* TabBarViewController.swift in Sources */ = {isa = PBXBuildFile; fileRef = 3ABD47F31C6FBAF6001735B8 /* TabBarViewController.swift */; };
		3AE72F7B1C593BED00A0D942 /* AppDelegate.swift in Sources */ = {isa = PBXBuildFile; fileRef = 3AE72F7A1C593BED00A0D942 /* AppDelegate.swift */; };
		3AE72F7D1C593BED00A0D942 /* AddRepViewController.swift in Sources */ = {isa = PBXBuildFile; fileRef = 3AE72F7C1C593BED00A0D942 /* AddRepViewController.swift */; };
		3AE72F801C593BED00A0D942 /* Main.storyboard in Resources */ = {isa = PBXBuildFile; fileRef = 3AE72F7E1C593BED00A0D942 /* Main.storyboard */; };
		3AE72F831C593BED00A0D942 /* Gert.xcdatamodeld in Sources */ = {isa = PBXBuildFile; fileRef = 3AE72F811C593BED00A0D942 /* Gert.xcdatamodeld */; };
		3AE72F851C593BED00A0D942 /* Assets.xcassets in Resources */ = {isa = PBXBuildFile; fileRef = 3AE72F841C593BED00A0D942 /* Assets.xcassets */; };
		3AE72F881C593BED00A0D942 /* LaunchScreen.storyboard in Resources */ = {isa = PBXBuildFile; fileRef = 3AE72F861C593BED00A0D942 /* LaunchScreen.storyboard */; };
		3AE72FB11C6347BD00A0D942 /* entryTableViewController.swift in Sources */ = {isa = PBXBuildFile; fileRef = 3AE72FB01C6347BD00A0D942 /* entryTableViewController.swift */; };
		3AECAFCF1C73184E00D481C8 /* Function.swift in Sources */ = {isa = PBXBuildFile; fileRef = 3AECAFCE1C73184E00D481C8 /* Function.swift */; };
		3AECAFD41C73D86E00D481C8 /* Profile+CoreDataProperties.swift in Sources */ = {isa = PBXBuildFile; fileRef = 3AECAFD01C73D86E00D481C8 /* Profile+CoreDataProperties.swift */; };
		3AECAFD51C73D86E00D481C8 /* Profile.swift in Sources */ = {isa = PBXBuildFile; fileRef = 3AECAFD11C73D86E00D481C8 /* Profile.swift */; };
		3AECAFD61C73D86E00D481C8 /* Photos+CoreDataProperties.swift in Sources */ = {isa = PBXBuildFile; fileRef = 3AECAFD21C73D86E00D481C8 /* Photos+CoreDataProperties.swift */; };
		3AECAFD71C73D86E00D481C8 /* Photos.swift in Sources */ = {isa = PBXBuildFile; fileRef = 3AECAFD31C73D86E00D481C8 /* Photos.swift */; };
/* End PBXBuildFile section */

/* Begin PBXFileReference section */
		3A0D2E2B1C6D42D700093814 /* EditProfileViewController.swift */ = {isa = PBXFileReference; fileEncoding = 4; lastKnownFileType = sourcecode.swift; path = EditProfileViewController.swift; sourceTree = "<group>"; };
		3A184CEE1C66170400397A41 /* Gert.app */ = {isa = PBXFileReference; explicitFileType = wrapper.application; includeInIndex = 0; path = Gert.app; sourceTree = BUILT_PRODUCTS_DIR; };
		3A184CF11C66271300397A41 /* CustomCell.swift */ = {isa = PBXFileReference; fileEncoding = 4; lastKnownFileType = sourcecode.swift; name = CustomCell.swift; path = ../CustomCell.swift; sourceTree = "<group>"; };
		3A184CF31C68CDB500397A41 /* TabBarProfileViewController.swift */ = {isa = PBXFileReference; fileEncoding = 4; lastKnownFileType = sourcecode.swift; path = TabBarProfileViewController.swift; sourceTree = "<group>"; };
		3A184CF51C6A678600397A41 /* TimeModel.swift */ = {isa = PBXFileReference; fileEncoding = 4; lastKnownFileType = sourcecode.swift; path = TimeModel.swift; sourceTree = "<group>"; };
		3ABD47F11C6F7AD5001735B8 /* TabBarPhotoViewController.swift */ = {isa = PBXFileReference; fileEncoding = 4; lastKnownFileType = sourcecode.swift; path = TabBarPhotoViewController.swift; sourceTree = "<group>"; };
		3ABD47F31C6FBAF6001735B8 /* TabBarViewController.swift */ = {isa = PBXFileReference; fileEncoding = 4; lastKnownFileType = sourcecode.swift; path = TabBarViewController.swift; sourceTree = "<group>"; };
		3AE72F7A1C593BED00A0D942 /* AppDelegate.swift */ = {isa = PBXFileReference; lastKnownFileType = sourcecode.swift; path = AppDelegate.swift; sourceTree = "<group>"; };
		3AE72F7C1C593BED00A0D942 /* AddRepViewController.swift */ = {isa = PBXFileReference; lastKnownFileType = sourcecode.swift; path = AddRepViewController.swift; sourceTree = "<group>"; };
		3AE72F7F1C593BED00A0D942 /* Base */ = {isa = PBXFileReference; lastKnownFileType = file.storyboard; name = Base; path = Base.lproj/Main.storyboard; sourceTree = "<group>"; };
		3AE72F821C593BED00A0D942 /* Gert.xcdatamodel */ = {isa = PBXFileReference; lastKnownFileType = wrapper.xcdatamodel; path = Gert.xcdatamodel; sourceTree = "<group>"; };
		3AE72F841C593BED00A0D942 /* Assets.xcassets */ = {isa = PBXFileReference; lastKnownFileType = folder.assetcatalog; path = Assets.xcassets; sourceTree = "<group>"; };
		3AE72F871C593BED00A0D942 /* Base */ = {isa = PBXFileReference; lastKnownFileType = file.storyboard; name = Base; path = Base.lproj/LaunchScreen.storyboard; sourceTree = "<group>"; };
		3AE72F891C593BED00A0D942 /* Info.plist */ = {isa = PBXFileReference; lastKnownFileType = text.plist.xml; path = Info.plist; sourceTree = "<group>"; };
		3AE72FB01C6347BD00A0D942 /* entryTableViewController.swift */ = {isa = PBXFileReference; fileEncoding = 4; lastKnownFileType = sourcecode.swift; name = entryTableViewController.swift; path = ../entryTableViewController.swift; sourceTree = "<group>"; };
		3AECAFCE1C73184E00D481C8 /* Function.swift */ = {isa = PBXFileReference; fileEncoding = 4; lastKnownFileType = sourcecode.swift; path = Function.swift; sourceTree = "<group>"; };
		3AECAFD01C73D86E00D481C8 /* Profile+CoreDataProperties.swift */ = {isa = PBXFileReference; fileEncoding = 4; lastKnownFileType = sourcecode.swift; path = "Profile+CoreDataProperties.swift"; sourceTree = "<group>"; };
		3AECAFD11C73D86E00D481C8 /* Profile.swift */ = {isa = PBXFileReference; fileEncoding = 4; lastKnownFileType = sourcecode.swift; path = Profile.swift; sourceTree = "<group>"; };
		3AECAFD21C73D86E00D481C8 /* Photos+CoreDataProperties.swift */ = {isa = PBXFileReference; fileEncoding = 4; lastKnownFileType = sourcecode.swift; path = "Photos+CoreDataProperties.swift"; sourceTree = "<group>"; };
		3AECAFD31C73D86E00D481C8 /* Photos.swift */ = {isa = PBXFileReference; fileEncoding = 4; lastKnownFileType = sourcecode.swift; path = Photos.swift; sourceTree = "<group>"; };
/* End PBXFileReference section */

/* Begin PBXFrameworksBuildPhase section */
		3AE72F741C593BED00A0D942 /* Frameworks */ = {
			isa = PBXFrameworksBuildPhase;
			buildActionMask = 2147483647;
			files = (
			);
			runOnlyForDeploymentPostprocessing = 0;
		};
/* End PBXFrameworksBuildPhase section */

/* Begin PBXGroup section */
		3A3B9BC61C6F564800F748F0 /* View Controllers */ = {
			isa = PBXGroup;
			children = (
				3AE72F7C1C593BED00A0D942 /* AddRepViewController.swift */,
				3AE72FB01C6347BD00A0D942 /* entryTableViewController.swift */,
				3ABD47F31C6FBAF6001735B8 /* TabBarViewController.swift */,
				3A0D2E2B1C6D42D700093814 /* EditProfileViewController.swift */,
				3A184CF31C68CDB500397A41 /* TabBarProfileViewController.swift */,
				3ABD47F11C6F7AD5001735B8 /* TabBarPhotoViewController.swift */,
			);
			name = "View Controllers";
			sourceTree = "<group>";
		};
		3A3B9BC71C6F566F00F748F0 /* Model */ = {
			isa = PBXGroup;
			children = (
				3A184CF51C6A678600397A41 /* TimeModel.swift */,
				3A184CF11C66271300397A41 /* CustomCell.swift */,
			);
			name = Model;
			sourceTree = "<group>";
		};
		3AE72F6E1C593BED00A0D942 = {
			isa = PBXGroup;
			children = (
				3AE72F791C593BED00A0D942 /* Gert */,
				3A184CEE1C66170400397A41 /* Gert.app */,
			);
			sourceTree = "<group>";
		};
		3AE72F791C593BED00A0D942 /* Gert */ = {
			isa = PBXGroup;
			children = (
				3A3B9BC71C6F566F00F748F0 /* Model */,
				3A3B9BC61C6F564800F748F0 /* View Controllers */,
				3AE72FA31C593D6200A0D942 /* CoreData */,
				3AE72F7A1C593BED00A0D942 /* AppDelegate.swift */,
				3AE72F7E1C593BED00A0D942 /* Main.storyboard */,
				3AE72F841C593BED00A0D942 /* Assets.xcassets */,
				3AE72F861C593BED00A0D942 /* LaunchScreen.storyboard */,
				3AE72F891C593BED00A0D942 /* Info.plist */,
				3AE72F811C593BED00A0D942 /* Gert.xcdatamodeld */,
			);
			path = Gert;
			sourceTree = "<group>";
		};
		3AE72FA31C593D6200A0D942 /* CoreData */ = {
			isa = PBXGroup;
			children = (
				3AECAFD01C73D86E00D481C8 /* Profile+CoreDataProperties.swift */,
				3AECAFD11C73D86E00D481C8 /* Profile.swift */,
				3AECAFD21C73D86E00D481C8 /* Photos+CoreDataProperties.swift */,
				3AECAFD31C73D86E00D481C8 /* Photos.swift */,
				3AECAFCE1C73184E00D481C8 /* Function.swift */,
			);
			name = CoreData;
			sourceTree = "<group>";
		};
/* End PBXGroup section */

/* Begin PBXNativeTarget section */
		3AE72F761C593BED00A0D942 /* Gert */ = {
			isa = PBXNativeTarget;
			buildConfigurationList = 3AE72F8C1C593BED00A0D942 /* Build configuration list for PBXNativeTarget "Gert" */;
			buildPhases = (
				3AE72F731C593BED00A0D942 /* Sources */,
				3AE72F741C593BED00A0D942 /* Frameworks */,
				3AE72F751C593BED00A0D942 /* Resources */,
			);
			buildRules = (
			);
			dependencies = (
			);
			name = Gert;
			productName = Gert;
			productReference = 3A184CEE1C66170400397A41 /* Gert.app */;
			productType = "com.apple.product-type.application";
		};
/* End PBXNativeTarget section */

/* Begin PBXProject section */
		3AE72F6F1C593BED00A0D942 /* Project object */ = {
			isa = PBXProject;
			attributes = {
				LastSwiftUpdateCheck = 0720;
				LastUpgradeCheck = 0720;
				ORGANIZATIONNAME = "Calum Harris";
				TargetAttributes = {
					3AE72F761C593BED00A0D942 = {
						CreatedOnToolsVersion = 7.2;
						DevelopmentTeam = U727KUB5N7;
					};
				};
			};
			buildConfigurationList = 3AE72F721C593BED00A0D942 /* Build configuration list for PBXProject "Gert" */;
			compatibilityVersion = "Xcode 3.2";
			developmentRegion = English;
			hasScannedForEncodings = 0;
			knownRegions = (
				en,
				Base,
			);
			mainGroup = 3AE72F6E1C593BED00A0D942;
			productRefGroup = 3AE72F6E1C593BED00A0D942;
			projectDirPath = "";
			projectRoot = "";
			targets = (
				3AE72F761C593BED00A0D942 /* Gert */,
			);
		};
/* End PBXProject section */

/* Begin PBXResourcesBuildPhase section */
		3AE72F751C593BED00A0D942 /* Resources */ = {
			isa = PBXResourcesBuildPhase;
			buildActionMask = 2147483647;
			files = (
				3AE72F881C593BED00A0D942 /* LaunchScreen.storyboard in Resources */,
				3AE72F851C593BED00A0D942 /* Assets.xcassets in Resources */,
				3AE72F801C593BED00A0D942 /* Main.storyboard in Resources */,
			);
			runOnlyForDeploymentPostprocessing = 0;
		};
/* End PBXResourcesBuildPhase section */

/* Begin PBXSourcesBuildPhase section */
		3AE72F731C593BED00A0D942 /* Sources */ = {
			isa = PBXSourcesBuildPhase;
			buildActionMask = 2147483647;
			files = (
				3A184CF41C68CDB500397A41 /* TabBarProfileViewController.swift in Sources */,
				3AE72FB11C6347BD00A0D942 /* entryTableViewController.swift in Sources */,
				3AECAFD61C73D86E00D481C8 /* Photos+CoreDataProperties.swift in Sources */,
				3AECAFD71C73D86E00D481C8 /* Photos.swift in Sources */,
				3AE72F831C593BED00A0D942 /* Gert.xcdatamodeld in Sources */,
				3AECAFD51C73D86E00D481C8 /* Profile.swift in Sources */,
				3ABD47F41C6FBAF6001735B8 /* TabBarViewController.swift in Sources */,
				3AE72F7D1C593BED00A0D942 /* AddRepViewController.swift in Sources */,
				3A184CF61C6A678600397A41 /* TimeModel.swift in Sources */,
				3ABD47F21C6F7AD5001735B8 /* TabBarPhotoViewController.swift in Sources */,
				3AECAFCF1C73184E00D481C8 /* Function.swift in Sources */,
				3A184CF21C66271300397A41 /* CustomCell.swift in Sources */,
				3A0D2E2C1C6D42D700093814 /* EditProfileViewController.swift in Sources */,
				3AECAFD41C73D86E00D481C8 /* Profile+CoreDataProperties.swift in Sources */,
				3AE72F7B1C593BED00A0D942 /* AppDelegate.swift in Sources */,
			);
			runOnlyForDeploymentPostprocessing = 0;
		};
/* End PBXSourcesBuildPhase section */

/* Begin PBXVariantGroup section */
		3AE72F7E1C593BED00A0D942 /* Main.storyboard */ = {
			isa = PBXVariantGroup;
			children = (
				3AE72F7F1C593BED00A0D942 /* Base */,
			);
			name = Main.storyboard;
			sourceTree = "<group>";
		};
		3AE72F861C593BED00A0D942 /* LaunchScreen.storyboard */ = {
			isa = PBXVariantGroup;
			children = (
				3AE72F871C593BED00A0D942 /* Base */,
			);
			name = LaunchScreen.storyboard;
			sourceTree = "<group>";
		};
/* End PBXVariantGroup section */

/* Begin XCBuildConfiguration section */
		3AE72F8A1C593BED00A0D942 /* Debug */ = {
			isa = XCBuildConfiguration;
			buildSettings = {
				ALWAYS_SEARCH_USER_PATHS = NO;
				CLANG_CXX_LANGUAGE_STANDARD = "gnu++0x";
				CLANG_CXX_LIBRARY = "libc++";
				CLANG_ENABLE_MODULES = YES;
				CLANG_ENABLE_OBJC_ARC = YES;
				CLANG_WARN_BOOL_CONVERSION = YES;
				CLANG_WARN_CONSTANT_CONVERSION = YES;
				CLANG_WARN_DIRECT_OBJC_ISA_USAGE = YES_ERROR;
				CLANG_WARN_EMPTY_BODY = YES;
				CLANG_WARN_ENUM_CONVERSION = YES;
				CLANG_WARN_INT_CONVERSION = YES;
				CLANG_WARN_OBJC_ROOT_CLASS = YES_ERROR;
				CLANG_WARN_UNREACHABLE_CODE = YES;
				CLANG_WARN__DUPLICATE_METHOD_MATCH = YES;
				"CODE_SIGN_IDENTITY[sdk=iphoneos*]" = "iPhone Developer";
				COPY_PHASE_STRIP = NO;
				DEBUG_INFORMATION_FORMAT = dwarf;
				ENABLE_STRICT_OBJC_MSGSEND = YES;
				ENABLE_TESTABILITY = YES;
				GCC_C_LANGUAGE_STANDARD = gnu99;
				GCC_DYNAMIC_NO_PIC = NO;
				GCC_NO_COMMON_BLOCKS = YES;
				GCC_OPTIMIZATION_LEVEL = 0;
				GCC_PREPROCESSOR_DEFINITIONS = (
					"DEBUG=1",
					"$(inherited)",
				);
				GCC_WARN_64_TO_32_BIT_CONVERSION = YES;
				GCC_WARN_ABOUT_RETURN_TYPE = YES_ERROR;
				GCC_WARN_UNDECLARED_SELECTOR = YES;
				GCC_WARN_UNINITIALIZED_AUTOS = YES_AGGRESSIVE;
				GCC_WARN_UNUSED_FUNCTION = YES;
				GCC_WARN_UNUSED_VARIABLE = YES;
				IPHONEOS_DEPLOYMENT_TARGET = 9.2;
				MTL_ENABLE_DEBUG_INFO = YES;
				ONLY_ACTIVE_ARCH = YES;
				SDKROOT = iphoneos;
				SWIFT_OPTIMIZATION_LEVEL = "-Onone";
			};
			name = Debug;
		};
		3AE72F8B1C593BED00A0D942 /* Release */ = {
			isa = XCBuildConfiguration;
			buildSettings = {
				ALWAYS_SEARCH_USER_PATHS = NO;
				CLANG_CXX_LANGUAGE_STANDARD = "gnu++0x";
				CLANG_CXX_LIBRARY = "libc++";
				CLANG_ENABLE_MODULES = YES;
				CLANG_ENABLE_OBJC_ARC = YES;
				CLANG_WARN_BOOL_CONVERSION = YES;
				CLANG_WARN_CONSTANT_CONVERSION = YES;
				CLANG_WARN_DIRECT_OBJC_ISA_USAGE = YES_ERROR;
				CLANG_WARN_EMPTY_BODY = YES;
				CLANG_WARN_ENUM_CONVERSION = YES;
				CLANG_WARN_INT_CONVERSION = YES;
				CLANG_WARN_OBJC_ROOT_CLASS = YES_ERROR;
				CLANG_WARN_UNREACHABLE_CODE = YES;
				CLANG_WARN__DUPLICATE_METHOD_MATCH = YES;
				"CODE_SIGN_IDENTITY[sdk=iphoneos*]" = "iPhone Developer";
				COPY_PHASE_STRIP = NO;
				DEBUG_INFORMATION_FORMAT = "dwarf-with-dsym";
				ENABLE_NS_ASSERTIONS = NO;
				ENABLE_STRICT_OBJC_MSGSEND = YES;
				GCC_C_LANGUAGE_STANDARD = gnu99;
				GCC_NO_COMMON_BLOCKS = YES;
				GCC_WARN_64_TO_32_BIT_CONVERSION = YES;
				GCC_WARN_ABOUT_RETURN_TYPE = YES_ERROR;
				GCC_WARN_UNDECLARED_SELECTOR = YES;
				GCC_WARN_UNINITIALIZED_AUTOS = YES_AGGRESSIVE;
				GCC_WARN_UNUSED_FUNCTION = YES;
				GCC_WARN_UNUSED_VARIABLE = YES;
				IPHONEOS_DEPLOYMENT_TARGET = 9.2;
				MTL_ENABLE_DEBUG_INFO = NO;
				SDKROOT = iphoneos;
				VALIDATE_PRODUCT = YES;
			};
			name = Release;
		};
		3AE72F8D1C593BED00A0D942 /* Debug */ = {
			isa = XCBuildConfiguration;
			buildSettings = {
				ASSETCATALOG_COMPILER_APPICON_NAME = AppIcon;
				INFOPLIST_FILE = Gert/Info.plist;
				LD_RUNPATH_SEARCH_PATHS = "$(inherited) @executable_path/Frameworks";
				PRODUCT_BUNDLE_IDENTIFIER = com.renaldomoon.Gert;
				PRODUCT_NAME = "$(TARGET_NAME)";
			};
			name = Debug;
		};
		3AE72F8E1C593BED00A0D942 /* Release */ = {
			isa = XCBuildConfiguration;
			buildSettings = {
				ASSETCATALOG_COMPILER_APPICON_NAME = AppIcon;
				INFOPLIST_FILE = Gert/Info.plist;
				LD_RUNPATH_SEARCH_PATHS = "$(inherited) @executable_path/Frameworks";
				PRODUCT_BUNDLE_IDENTIFIER = com.renaldomoon.Gert;
				PRODUCT_NAME = "$(TARGET_NAME)";
			};
			name = Release;
		};
/* End XCBuildConfiguration section */

/* Begin XCConfigurationList section */
		3AE72F721C593BED00A0D942 /* Build configuration list for PBXProject "Gert" */ = {
			isa = XCConfigurationList;
			buildConfigurations = (
				3AE72F8A1C593BED00A0D942 /* Debug */,
				3AE72F8B1C593BED00A0D942 /* Release */,
			);
			defaultConfigurationIsVisible = 0;
			defaultConfigurationName = Release;
		};
		3AE72F8C1C593BED00A0D942 /* Build configuration list for PBXNativeTarget "Gert" */ = {
			isa = XCConfigurationList;
			buildConfigurations = (
				3AE72F8D1C593BED00A0D942 /* Debug */,
				3AE72F8E1C593BED00A0D942 /* Release */,
			);
			defaultConfigurationIsVisible = 0;
			defaultConfigurationName = Release;
		};
/* End XCConfigurationList section */

/* Begin XCVersionGroup section */
		3AE72F811C593BED00A0D942 /* Gert.xcdatamodeld */ = {
			isa = XCVersionGroup;
			children = (
				3AE72F821C593BED00A0D942 /* Gert.xcdatamodel */,
			);
			currentVersion = 3AE72F821C593BED00A0D942 /* Gert.xcdatamodel */;
			path = Gert.xcdatamodeld;
			sourceTree = "<group>";
			versionGroupType = wrapper.xcdatamodel;
		};
/* End XCVersionGroup section */
	};
	rootObject = 3AE72F6F1C593BED00A0D942 /* Project object */;
}
